<?xml version="1.0" encoding="utf-8"?>
<Project ToolsVersion="4.0" xmlns="http://schemas.microsoft.com/developer/msbuild/2003">
  <ItemGroup>
    <Filter Include="源文件">
      <UniqueIdentifier>{4FC737F1-C7A5-4376-A066-2A32D752A2FF}</UniqueIdentifier>
      <Extensions>cpp;c;cc;cxx;def;odl;idl;hpj;bat;asm;asmx</Extensions>
    </Filter>
    <Filter Include="头文件">
      <UniqueIdentifier>{93995380-89BD-4b04-88EB-625FBE52EBFB}</UniqueIdentifier>
      <Extensions>h;hh;hpp;hxx;hm;inl;inc;xsd</Extensions>
    </Filter>
    <Filter Include="资源文件">
      <UniqueIdentifier>{67DA6AB6-F800-4c08-8B7A-83BB121AAD01}</UniqueIdentifier>
      <Extensions>rc;ico;cur;bmp;dlg;rc2;rct;bin;rgs;gif;jpg;jpeg;jpe;resx;tiff;tif;png;wav;mfcribbon-ms</Extensions>
    </Filter>
    <Filter Include="头文件\tools">
      <UniqueIdentifier>{8f18ea9c-b2b2-4b2c-910d-f9dd1d8b3607}</UniqueIdentifier>
    </Filter>
    <Filter Include="源文件\tools">
      <UniqueIdentifier>{2068a7c6-55cc-49be-ad8f-74530fe1230d}</UniqueIdentifier>
    </Filter>
    <Filter Include="头文件\socket">
      <UniqueIdentifier>{2422bd83-a98e-4cd8-9a5f-679bcec687de}</UniqueIdentifier>
    </Filter>
    <Filter Include="源文件\socket">
      <UniqueIdentifier>{ff051c44-3b76-40d0-a8c7-c434e4794a2e}</UniqueIdentifier>
    </Filter>
    <Filter Include="头文件\file">
      <UniqueIdentifier>{f9d70104-5489-4324-ba0d-cff34a441f92}</UniqueIdentifier>
    </Filter>
    <Filter Include="源文件\file">
      <UniqueIdentifier>{023f601f-7027-4944-8268-798a34d1ec2b}</UniqueIdentifier>
    </Filter>
  </ItemGroup>
  <ItemGroup>
    <Text Include="ReadMe.txt" />
  </ItemGroup>
  <ItemGroup>
    <ClInclude Include="PCRemote.h">
      <Filter>头文件</Filter>
    </ClInclude>
    <ClInclude Include="PCRemoteDlg.h">
      <Filter>头文件</Filter>
    </ClInclude>
    <ClInclude Include="stdafx.h">
      <Filter>头文件</Filter>
    </ClInclude>
    <ClInclude Include="targetver.h">
      <Filter>头文件</Filter>
    </ClInclude>
    <ClInclude Include="Resource.h">
      <Filter>头文件</Filter>
    </ClInclude>
    <ClInclude Include="syspub.h">
      <Filter>头文件</Filter>
    </ClInclude>
    <ClInclude Include="tools\TrueColorToolBar.h">
      <Filter>头文件\tools</Filter>
    </ClInclude>
    <ClInclude Include="socket\IOCPServer.h">
      <Filter>头文件\socket</Filter>
    </ClInclude>
    <ClInclude Include="socket\Buffer.h">
      <Filter>头文件\socket</Filter>
    </ClInclude>
    <ClInclude Include="socket\CpuUsage.h">
      <Filter>头文件\socket</Filter>
    </ClInclude>
    <ClInclude Include="socket\Mapper.h">
      <Filter>头文件\socket</Filter>
    </ClInclude>
    <ClInclude Include="file\IniFile.h">
      <Filter>头文件\file</Filter>
    </ClInclude>
    <ClInclude Include="SettingDlg.h">
      <Filter>头文件</Filter>
    </ClInclude>
  </ItemGroup>
  <ItemGroup>
    <ClCompile Include="PCRemote.cpp">
      <Filter>源文件</Filter>
    </ClCompile>
    <ClCompile Include="PCRemoteDlg.cpp">
      <Filter>源文件</Filter>
    </ClCompile>
    <ClCompile Include="stdafx.cpp">
      <Filter>源文件</Filter>
    </ClCompile>
    <ClCompile Include="tools\TrueColorToolBar.cpp">
      <Filter>源文件\tools</Filter>
    </ClCompile>
    <ClCompile Include="socket\IOCPServer.cpp">
      <Filter>源文件\socket</Filter>
    </ClCompile>
    <ClCompile Include="socket\Buffer.cpp">
      <Filter>源文件\socket</Filter>
    </ClCompile>
    <ClCompile Include="socket\CpuUsage.cpp">
      <Filter>源文件\socket</Filter>
    </ClCompile>
    <ClCompile Include="file\IniFile.cpp">
      <Filter>源文件\file</Filter>
    </ClCompile>
    <ClCompile Include="SettingDlg.cpp">
      <Filter>源文件</Filter>
    </ClCompile>
  </ItemGroup>
  <ItemGroup>
    <ResourceCompile Include="PCRemote.rc">
      <Filter>资源文件</Filter>
    </ResourceCompile>
  </ItemGroup>
  <ItemGroup>
    <None Include="res\PCRemote.rc2">
      <Filter>资源文件</Filter>
    </None>
  </ItemGroup>
  <ItemGroup>
    <Image Include="res\PCRemote.ico">
      <Filter>资源文件</Filter>
    </Image>
    <Image Include="res\toolbar1.bmp">
      <Filter>资源文件</Filter>
    </Image>
    <Image Include="res\ToolBar_Main.bmp">
      <Filter>资源文件</Filter>
    </Image>
  </ItemGroup>
</Project>